
Microsoft Visual Studio Solution File, Format Version 12.00
# Visual Studio Version 17
VisualStudioVersion = 17.11.35327.3
MinimumVisualStudioVersion = 10.0.40219.1
Project("{FAE04EC0-301F-11D3-BF4B-00C04F79EFBC}") = "Assignment 5.2 Question 2", "Assignment 5.2 Question 2.csproj", "{24703268-9A1B-468D-8F4A-2FE68BED6756}"
EndProject
Global
	GlobalSection(SolutionConfigurationPlatforms) = preSolution
		Debug|Any CPU = Debug|Any CPU
		Release|Any CPU = Release|Any CPU
	EndGlobalSection
	GlobalSection(ProjectConfigurationPlatforms) = postSolution
		{24703268-9A1B-468D-8F4A-2FE68BED6756}.Debug|Any CPU.ActiveCfg = Debug|Any CPU
		{24703268-9A1B-468D-8F4A-2FE68BED6756}.Debug|Any CPU.Build.0 = Debug|Any CPU
		{24703268-9A1B-468D-8F4A-2FE68BED6756}.Release|Any CPU.ActiveCfg = Release|Any CPU
		{24703268-9A1B-468D-8F4A-2FE68BED6756}.Release|Any CPU.Build.0 = Release|Any CPU
	EndGlobalSection
	GlobalSection(SolutionProperties) = preSolution
		HideSolutionNode = FALSE
	EndGlobalSection
	GlobalSection(ExtensibilityGlobals) = postSolution
		SolutionGuid = {D5BD88C8-93C9-4B6A-AB02-2ABC62A2EC88}
	EndGlobalSection
EndGlobal
